// !$*UTF8*$!
{
	archiveVersion = 1;
	classes = {
	};
	objectVersion = 56;
	objects = {

/* Begin PBXBuildFile section */
		3580AF672A667EC200DC28F7 /* AppleLoginPracticeApp.swift in Sources */ = {isa = PBXBuildFile; fileRef = 3580AF662A667EC200DC28F7 /* AppleLoginPracticeApp.swift */; };
		3580AF692A667EC200DC28F7 /* ContentView.swift in Sources */ = {isa = PBXBuildFile; fileRef = 3580AF682A667EC200DC28F7 /* ContentView.swift */; };
		3580AF6B2A667EC400DC28F7 /* Assets.xcassets in Resources */ = {isa = PBXBuildFile; fileRef = 3580AF6A2A667EC400DC28F7 /* Assets.xcassets */; };
		3580AF6E2A667EC400DC28F7 /* Preview Assets.xcassets in Resources */ = {isa = PBXBuildFile; fileRef = 3580AF6D2A667EC400DC28F7 /* Preview Assets.xcassets */; };
		3580AF782A667EC400DC28F7 /* AppleLoginPracticeTests.swift in Sources */ = {isa = PBXBuildFile; fileRef = 3580AF772A667EC400DC28F7 /* AppleLoginPracticeTests.swift */; };
		3580AF822A667EC400DC28F7 /* AppleLoginPracticeUITests.swift in Sources */ = {isa = PBXBuildFile; fileRef = 3580AF812A667EC400DC28F7 /* AppleLoginPracticeUITests.swift */; };
		3580AF842A667EC400DC28F7 /* AppleLoginPracticeUITestsLaunchTests.swift in Sources */ = {isa = PBXBuildFile; fileRef = 3580AF832A667EC400DC28F7 /* AppleLoginPracticeUITestsLaunchTests.swift */; };
/* End PBXBuildFile section */

/* Begin PBXContainerItemProxy section */
		3580AF742A667EC400DC28F7 /* PBXContainerItemProxy */ = {
			isa = PBXContainerItemProxy;
			containerPortal = 3580AF5B2A667EC200DC28F7 /* Project object */;
			proxyType = 1;
			remoteGlobalIDString = 3580AF622A667EC200DC28F7;
			remoteInfo = AppleLoginPractice;
		};
		3580AF7E2A667EC400DC28F7 /* PBXContainerItemProxy */ = {
			isa = PBXContainerItemProxy;
			containerPortal = 3580AF5B2A667EC200DC28F7 /* Project object */;
			proxyType = 1;
			remoteGlobalIDString = 3580AF622A667EC200DC28F7;
			remoteInfo = AppleLoginPractice;
		};
/* End PBXContainerItemProxy section */

/* Begin PBXFileReference section */
		3580AF632A667EC200DC28F7 /* AppleLoginPractice.app */ = {isa = PBXFileReference; explicitFileType = wrapper.application; includeInIndex = 0; path = AppleLoginPractice.app; sourceTree = BUILT_PRODUCTS_DIR; };
		3580AF662A667EC200DC28F7 /* AppleLoginPracticeApp.swift */ = {isa = PBXFileReference; lastKnownFileType = sourcecode.swift; path = AppleLoginPracticeApp.swift; sourceTree = "<group>"; };
		3580AF682A667EC200DC28F7 /* ContentView.swift */ = {isa = PBXFileReference; lastKnownFileType = sourcecode.swift; path = ContentView.swift; sourceTree = "<group>"; };
		3580AF6A2A667EC400DC28F7 /* Assets.xcassets */ = {isa = PBXFileReference; lastKnownFileType = folder.assetcatalog; path = Assets.xcassets; sourceTree = "<group>"; };
		3580AF6D2A667EC400DC28F7 /* Preview Assets.xcassets */ = {isa = PBXFileReference; lastKnownFileType = folder.assetcatalog; path = "Preview Assets.xcassets"; sourceTree = "<group>"; };
		3580AF732A667EC400DC28F7 /* AppleLoginPracticeTests.xctest */ = {isa = PBXFileReference; explicitFileType = wrapper.cfbundle; includeInIndex = 0; path = AppleLoginPracticeTests.xctest; sourceTree = BUILT_PRODUCTS_DIR; };
		3580AF772A667EC400DC28F7 /* AppleLoginPracticeTests.swift */ = {isa = PBXFileReference; lastKnownFileType = sourcecode.swift; path = AppleLoginPracticeTests.swift; sourceTree = "<group>"; };
		3580AF7D2A667EC400DC28F7 /* AppleLoginPracticeUITests.xctest */ = {isa = PBXFileReference; explicitFileType = wrapper.cfbundle; includeInIndex = 0; path = AppleLoginPracticeUITests.xctest; sourceTree = BUILT_PRODUCTS_DIR; };
		3580AF812A667EC400DC28F7 /* AppleLoginPracticeUITests.swift */ = {isa = PBXFileReference; lastKnownFileType = sourcecode.swift; path = AppleLoginPracticeUITests.swift; sourceTree = "<group>"; };
		3580AF832A667EC400DC28F7 /* AppleLoginPracticeUITestsLaunchTests.swift */ = {isa = PBXFileReference; lastKnownFileType = sourcecode.swift; path = AppleLoginPracticeUITestsLaunchTests.swift; sourceTree = "<group>"; };
		3580AF902A667F2F00DC28F7 /* AppleLoginPractice.entitlements */ = {isa = PBXFileReference; lastKnownFileType = text.plist.entitlements; path = AppleLoginPractice.entitlements; sourceTree = "<group>"; };
/* End PBXFileReference section */

/* Begin PBXFrameworksBuildPhase section */
		3580AF602A667EC200DC28F7 /* Frameworks */ = {
			isa = PBXFrameworksBuildPhase;
			buildActionMask = 2147483647;
			files = (
			);
			runOnlyForDeploymentPostprocessing = 0;
		};
		3580AF702A667EC400DC28F7 /* Frameworks */ = {
			isa = PBXFrameworksBuildPhase;
			buildActionMask = 2147483647;
			files = (
			);
			runOnlyForDeploymentPostprocessing = 0;
		};
		3580AF7A2A667EC400DC28F7 /* Frameworks */ = {
			isa = PBXFrameworksBuildPhase;
			buildActionMask = 2147483647;
			files = (
			);
			runOnlyForDeploymentPostprocessing = 0;
		};
/* End PBXFrameworksBuildPhase section */

/* Begin PBXGroup section */
		3580AF5A2A667EC200DC28F7 = {
			isa = PBXGroup;
			children = (
				3580AF652A667EC200DC28F7 /* AppleLoginPractice */,
				3580AF762A667EC400DC28F7 /* AppleLoginPracticeTests */,
				3580AF802A667EC400DC28F7 /* AppleLoginPracticeUITests */,
				3580AF642A667EC200DC28F7 /* Products */,
			);
			sourceTree = "<group>";
		};
		3580AF642A667EC200DC28F7 /* Products */ = {
			isa = PBXGroup;
			children = (
				3580AF632A667EC200DC28F7 /* AppleLoginPractice.app */,
				3580AF732A667EC400DC28F7 /* AppleLoginPracticeTests.xctest */,
				3580AF7D2A667EC400DC28F7 /* AppleLoginPracticeUITests.xctest */,
			);
			name = Products;
			sourceTree = "<group>";
		};
		3580AF652A667EC200DC28F7 /* AppleLoginPractice */ = {
			isa = PBXGroup;
			children = (
				3580AF902A667F2F00DC28F7 /* AppleLoginPractice.entitlements */,
				3580AF662A667EC200DC28F7 /* AppleLoginPracticeApp.swift */,
				3580AF682A667EC200DC28F7 /* ContentView.swift */,
				3580AF6A2A667EC400DC28F7 /* Assets.xcassets */,
				3580AF6C2A667EC400DC28F7 /* Preview Content */,
			);
			path = AppleLoginPractice;
			sourceTree = "<group>";
		};
		3580AF6C2A667EC400DC28F7 /* Preview Content */ = {
			isa = PBXGroup;
			children = (
				3580AF6D2A667EC400DC28F7 /* Preview Assets.xcassets */,
			);
			path = "Preview Content";
			sourceTree = "<group>";
		};
		3580AF762A667EC400DC28F7 /* AppleLoginPracticeTests */ = {
			isa = PBXGroup;
			children = (
				3580AF772A667EC400DC28F7 /* AppleLoginPracticeTests.swift */,
			);
			path = AppleLoginPracticeTests;
			sourceTree = "<group>";
		};
		3580AF802A667EC400DC28F7 /* AppleLoginPracticeUITests */ = {
			isa = PBXGroup;
			children = (
				3580AF812A667EC400DC28F7 /* AppleLoginPracticeUITests.swift */,
				3580AF832A667EC400DC28F7 /* AppleLoginPracticeUITestsLaunchTests.swift */,
			);
			path = AppleLoginPracticeUITests;
			sourceTree = "<group>";
		};
/* End PBXGroup section */

/* Begin PBXNativeTarget section */
		3580AF622A667EC200DC28F7 /* AppleLoginPractice */ = {
			isa = PBXNativeTarget;
			buildConfigurationList = 3580AF872A667EC400DC28F7 /* Build configuration list for PBXNativeTarget "AppleLoginPractice" */;
			buildPhases = (
				3580AF5F2A667EC200DC28F7 /* Sources */,
				3580AF602A667EC200DC28F7 /* Frameworks */,
				3580AF612A667EC200DC28F7 /* Resources */,
			);
			buildRules = (
			);
			dependencies = (
			);
			name = AppleLoginPractice;
			productName = AppleLoginPractice;
			productReference = 3580AF632A667EC200DC28F7 /* AppleLoginPractice.app */;
			productType = "com.apple.product-type.application";
		};
		3580AF722A667EC400DC28F7 /* AppleLoginPracticeTests */ = {
			isa = PBXNativeTarget;
			buildConfigurationList = 3580AF8A2A667EC400DC28F7 /* Build configuration list for PBXNativeTarget "AppleLoginPracticeTests" */;
			buildPhases = (
				3580AF6F2A667EC400DC28F7 /* Sources */,
				3580AF702A667EC400DC28F7 /* Frameworks */,
				3580AF712A667EC400DC28F7 /* Resources */,
			);
			buildRules = (
			);
			dependencies = (
				3580AF752A667EC400DC28F7 /* PBXTargetDependency */,
			);
			name = AppleLoginPracticeTests;
			productName = AppleLoginPracticeTests;
			productReference = 3580AF732A667EC400DC28F7 /* AppleLoginPracticeTests.xctest */;
			productType = "com.apple.product-type.bundle.unit-test";
		};
		3580AF7C2A667EC400DC28F7 /* AppleLoginPracticeUITests */ = {
			isa = PBXNativeTarget;
			buildConfigurationList = 3580AF8D2A667EC400DC28F7 /* Build configuration list for PBXNativeTarget "AppleLoginPracticeUITests" */;
			buildPhases = (
				3580AF792A667EC400DC28F7 /* Sources */,
				3580AF7A2A667EC400DC28F7 /* Frameworks */,
				3580AF7B2A667EC400DC28F7 /* Resources */,
			);
			buildRules = (
			);
			dependencies = (
				3580AF7F2A667EC400DC28F7 /* PBXTargetDependency */,
			);
			name = AppleLoginPracticeUITests;
			productName = AppleLoginPracticeUITests;
			productReference = 3580AF7D2A667EC400DC28F7 /* AppleLoginPracticeUITests.xctest */;
			productType = "com.apple.product-type.bundle.ui-testing";
		};
/* End PBXNativeTarget section */

/* Begin PBXProject section */
		3580AF5B2A667EC200DC28F7 /* Project object */ = {
			isa = PBXProject;
			attributes = {
				BuildIndependentTargetsInParallel = 1;
				LastSwiftUpdateCheck = 1430;
				LastUpgradeCheck = 1430;
				TargetAttributes = {
					3580AF622A667EC200DC28F7 = {
						CreatedOnToolsVersion = 14.3.1;
					};
					3580AF722A667EC400DC28F7 = {
						CreatedOnToolsVersion = 14.3.1;
						TestTargetID = 3580AF622A667EC200DC28F7;
					};
					3580AF7C2A667EC400DC28F7 = {
						CreatedOnToolsVersion = 14.3.1;
						TestTargetID = 3580AF622A667EC200DC28F7;
					};
				};
			};
			buildConfigurationList = 3580AF5E2A667EC200DC28F7 /* Build configuration list for PBXProject "AppleLoginPractice" */;
			compatibilityVersion = "Xcode 14.0";
			developmentRegion = en;
			hasScannedForEncodings = 0;
			knownRegions = (
				en,
				Base,
			);
			mainGroup = 3580AF5A2A667EC200DC28F7;
			productRefGroup = 3580AF642A667EC200DC28F7 /* Products */;
			projectDirPath = "";
			projectRoot = "";
			targets = (
				3580AF622A667EC200DC28F7 /* AppleLoginPractice */,
				3580AF722A667EC400DC28F7 /* AppleLoginPracticeTests */,
				3580AF7C2A667EC400DC28F7 /* AppleLoginPracticeUITests */,
			);
		};
/* End PBXProject section */

/* Begin PBXResourcesBuildPhase section */
		3580AF612A667EC200DC28F7 /* Resources */ = {
			isa = PBXResourcesBuildPhase;
			buildActionMask = 2147483647;
			files = (
				3580AF6E2A667EC400DC28F7 /* Preview Assets.xcassets in Resources */,
				3580AF6B2A667EC400DC28F7 /* Assets.xcassets in Resources */,
			);
			runOnlyForDeploymentPostprocessing = 0;
		};
		3580AF712A667EC400DC28F7 /* Resources */ = {
			isa = PBXResourcesBuildPhase;
			buildActionMask = 2147483647;
			files = (
			);
			runOnlyForDeploymentPostprocessing = 0;
		};
		3580AF7B2A667EC400DC28F7 /* Resources */ = {
			isa = PBXResourcesBuildPhase;
			buildActionMask = 2147483647;
			files = (
			);
			runOnlyForDeploymentPostprocessing = 0;
		};
/* End PBXResourcesBuildPhase section */

/* Begin PBXSourcesBuildPhase section */
		3580AF5F2A667EC200DC28F7 /* Sources */ = {
			isa = PBXSourcesBuildPhase;
			buildActionMask = 2147483647;
			files = (
				3580AF692A667EC200DC28F7 /* ContentView.swift in Sources */,
				3580AF672A667EC200DC28F7 /* AppleLoginPracticeApp.swift in Sources */,
			);
			runOnlyForDeploymentPostprocessing = 0;
		};
		3580AF6F2A667EC400DC28F7 /* Sources */ = {
			isa = PBXSourcesBuildPhase;
			buildActionMask = 2147483647;
			files = (
				3580AF782A667EC400DC28F7 /* AppleLoginPracticeTests.swift in Sources */,
			);
			runOnlyForDeploymentPostprocessing = 0;
		};
		3580AF792A667EC400DC28F7 /* Sources */ = {
			isa = PBXSourcesBuildPhase;
			buildActionMask = 2147483647;
			files = (
				3580AF842A667EC400DC28F7 /* AppleLoginPracticeUITestsLaunchTests.swift in Sources */,
				3580AF822A667EC400DC28F7 /* AppleLoginPracticeUITests.swift in Sources */,
			);
			runOnlyForDeploymentPostprocessing = 0;
		};
/* End PBXSourcesBuildPhase section */

/* Begin PBXTargetDependency section */
		3580AF752A667EC400DC28F7 /* PBXTargetDependency */ = {
			isa = PBXTargetDependency;
			target = 3580AF622A667EC200DC28F7 /* AppleLoginPractice */;
			targetProxy = 3580AF742A667EC400DC28F7 /* PBXContainerItemProxy */;
		};
		3580AF7F2A667EC400DC28F7 /* PBXTargetDependency */ = {
			isa = PBXTargetDependency;
			target = 3580AF622A667EC200DC28F7 /* AppleLoginPractice */;
			targetProxy = 3580AF7E2A667EC400DC28F7 /* PBXContainerItemProxy */;
		};
/* End PBXTargetDependency section */

/* Begin XCBuildConfiguration section */
		3580AF852A667EC400DC28F7 /* Debug */ = {
			isa = XCBuildConfiguration;
			buildSettings = {
				ALWAYS_SEARCH_USER_PATHS = NO;
				CLANG_ANALYZER_NONNULL = YES;
				CLANG_ANALYZER_NUMBER_OBJECT_CONVERSION = YES_AGGRESSIVE;
				CLANG_CXX_LANGUAGE_STANDARD = "gnu++20";
				CLANG_ENABLE_MODULES = YES;
				CLANG_ENABLE_OBJC_ARC = YES;
				CLANG_ENABLE_OBJC_WEAK = YES;
				CLANG_WARN_BLOCK_CAPTURE_AUTORELEASING = YES;
				CLANG_WARN_BOOL_CONVERSION = YES;
				CLANG_WARN_COMMA = YES;
				CLANG_WARN_CONSTANT_CONVERSION = YES;
				CLANG_WARN_DEPRECATED_OBJC_IMPLEMENTATIONS = YES;
				CLANG_WARN_DIRECT_OBJC_ISA_USAGE = YES_ERROR;
				CLANG_WARN_DOCUMENTATION_COMMENTS = YES;
				CLANG_WARN_EMPTY_BODY = YES;
				CLANG_WARN_ENUM_CONVERSION = YES;
				CLANG_WARN_INFINITE_RECURSION = YES;
				CLANG_WARN_INT_CONVERSION = YES;
				CLANG_WARN_NON_LITERAL_NULL_CONVERSION = YES;
				CLANG_WARN_OBJC_IMPLICIT_RETAIN_SELF = YES;
				CLANG_WARN_OBJC_LITERAL_CONVERSION = YES;
				CLANG_WARN_OBJC_ROOT_CLASS = YES_ERROR;
				CLANG_WARN_QUOTED_INCLUDE_IN_FRAMEWORK_HEADER = YES;
				CLANG_WARN_RANGE_LOOP_ANALYSIS = YES;
				CLANG_WARN_STRICT_PROTOTYPES = YES;
				CLANG_WARN_SUSPICIOUS_MOVE = YES;
				CLANG_WARN_UNGUARDED_AVAILABILITY = YES_AGGRESSIVE;
				CLANG_WARN_UNREACHABLE_CODE = YES;
				CLANG_WARN__DUPLICATE_METHOD_MATCH = YES;
				COPY_PHASE_STRIP = NO;
				DEBUG_INFORMATION_FORMAT = dwarf;
				ENABLE_STRICT_OBJC_MSGSEND = YES;
				ENABLE_TESTABILITY = YES;
				GCC_C_LANGUAGE_STANDARD = gnu11;
				GCC_DYNAMIC_NO_PIC = NO;
				GCC_NO_COMMON_BLOCKS = YES;
				GCC_OPTIMIZATION_LEVEL = 0;
				GCC_PREPROCESSOR_DEFINITIONS = (
					"DEBUG=1",
					"$(inherited)",
				);
				GCC_WARN_64_TO_32_BIT_CONVERSION = YES;
				GCC_WARN_ABOUT_RETURN_TYPE = YES_ERROR;
				GCC_WARN_UNDECLARED_SELECTOR = YES;
				GCC_WARN_UNINITIALIZED_AUTOS = YES_AGGRESSIVE;
				GCC_WARN_UNUSED_FUNCTION = YES;
				GCC_WARN_UNUSED_VARIABLE = YES;
				IPHONEOS_DEPLOYMENT_TARGET = 16.4;
				MTL_ENABLE_DEBUG_INFO = INCLUDE_SOURCE;
				MTL_FAST_MATH = YES;
				ONLY_ACTIVE_ARCH = YES;
				SDKROOT = iphoneos;
				SWIFT_ACTIVE_COMPILATION_CONDITIONS = DEBUG;
				SWIFT_OPTIMIZATION_LEVEL = "-Onone";
			};
			name = Debug;
		};
		3580AF862A667EC400DC28F7 /* Release */ = {
			isa = XCBuildConfiguration;
			buildSettings = {
				ALWAYS_SEARCH_USER_PATHS = NO;
				CLANG_ANALYZER_NONNULL = YES;
				CLANG_ANALYZER_NUMBER_OBJECT_CONVERSION = YES_AGGRESSIVE;
				CLANG_CXX_LANGUAGE_STANDARD = "gnu++20";
				CLANG_ENABLE_MODULES = YES;
				CLANG_ENABLE_OBJC_ARC = YES;
				CLANG_ENABLE_OBJC_WEAK = YES;
				CLANG_WARN_BLOCK_CAPTURE_AUTORELEASING = YES;
				CLANG_WARN_BOOL_CONVERSION = YES;
				CLANG_WARN_COMMA = YES;
				CLANG_WARN_CONSTANT_CONVERSION = YES;
				CLANG_WARN_DEPRECATED_OBJC_IMPLEMENTATIONS = YES;
				CLANG_WARN_DIRECT_OBJC_ISA_USAGE = YES_ERROR;
				CLANG_WARN_DOCUMENTATION_COMMENTS = YES;
				CLANG_WARN_EMPTY_BODY = YES;
				CLANG_WARN_ENUM_CONVERSION = YES;
				CLANG_WARN_INFINITE_RECURSION = YES;
				CLANG_WARN_INT_CONVERSION = YES;
				CLANG_WARN_NON_LITERAL_NULL_CONVERSION = YES;
				CLANG_WARN_OBJC_IMPLICIT_RETAIN_SELF = YES;
				CLANG_WARN_OBJC_LITERAL_CONVERSION = YES;
				CLANG_WARN_OBJC_ROOT_CLASS = YES_ERROR;
				CLANG_WARN_QUOTED_INCLUDE_IN_FRAMEWORK_HEADER = YES;
				CLANG_WARN_RANGE_LOOP_ANALYSIS = YES;
				CLANG_WARN_STRICT_PROTOTYPES = YES;
				CLANG_WARN_SUSPICIOUS_MOVE = YES;
				CLANG_WARN_UNGUARDED_AVAILABILITY = YES_AGGRESSIVE;
				CLANG_WARN_UNREACHABLE_CODE = YES;
				CLANG_WARN__DUPLICATE_METHOD_MATCH = YES;
				COPY_PHASE_STRIP = NO;
				DEBUG_INFORMATION_FORMAT = "dwarf-with-dsym";
				ENABLE_NS_ASSERTIONS = NO;
				ENABLE_STRICT_OBJC_MSGSEND = YES;
				GCC_C_LANGUAGE_STANDARD = gnu11;
				GCC_NO_COMMON_BLOCKS = YES;
				GCC_WARN_64_TO_32_BIT_CONVERSION = YES;
				GCC_WARN_ABOUT_RETURN_TYPE = YES_ERROR;
				GCC_WARN_UNDECLARED_SELECTOR = YES;
				GCC_WARN_UNINITIALIZED_AUTOS = YES_AGGRESSIVE;
				GCC_WARN_UNUSED_FUNCTION = YES;
				GCC_WARN_UNUSED_VARIABLE = YES;
				IPHONEOS_DEPLOYMENT_TARGET = 16.4;
				MTL_ENABLE_DEBUG_INFO = NO;
				MTL_FAST_MATH = YES;
				SDKROOT = iphoneos;
				SWIFT_COMPILATION_MODE = wholemodule;
				SWIFT_OPTIMIZATION_LEVEL = "-O";
				VALIDATE_PRODUCT = YES;
			};
			name = Release;
		};
		3580AF882A667EC400DC28F7 /* Debug */ = {
			isa = XCBuildConfiguration;
			buildSettings = {
				ASSETCATALOG_COMPILER_APPICON_NAME = AppIcon;
				ASSETCATALOG_COMPILER_GLOBAL_ACCENT_COLOR_NAME = AccentColor;
				CODE_SIGN_ENTITLEMENTS = AppleLoginPractice/AppleLoginPractice.entitlements;
				CODE_SIGN_STYLE = Automatic;
				CURRENT_PROJECT_VERSION = 1;
				DEVELOPMENT_ASSET_PATHS = "\"AppleLoginPractice/Preview Content\"";
				ENABLE_PREVIEWS = YES;
				GENERATE_INFOPLIST_FILE = YES;
				INFOPLIST_KEY_UIApplicationSceneManifest_Generation = YES;
				INFOPLIST_KEY_UIApplicationSupportsIndirectInputEvents = YES;
				INFOPLIST_KEY_UILaunchScreen_Generation = YES;
				INFOPLIST_KEY_UISupportedInterfaceOrientations_iPad = "UIInterfaceOrientationPortrait UIInterfaceOrientationPortraitUpsideDown UIInterfaceOrientationLandscapeLeft UIInterfaceOrientationLandscapeRight";
				INFOPLIST_KEY_UISupportedInterfaceOrientations_iPhone = "UIInterfaceOrientationPortrait UIInterfaceOrientationLandscapeLeft UIInterfaceOrientationLandscapeRight";
				LD_RUNPATH_SEARCH_PATHS = (
					"$(inherited)",
					"@executable_path/Frameworks",
				);
				MARKETING_VERSION = 1.0;
				PRODUCT_BUNDLE_IDENTIFIER = yejin.AppleLoginPractice;
				PRODUCT_NAME = "$(TARGET_NAME)";
				SWIFT_EMIT_LOC_STRINGS = YES;
				SWIFT_VERSION = 5.0;
				TARGETED_DEVICE_FAMILY = "1,2";
			};
			name = Debug;
		};
		3580AF892A667EC400DC28F7 /* Release */ = {
			isa = XCBuildConfiguration;
			buildSettings = {
				ASSETCATALOG_COMPILER_APPICON_NAME = AppIcon;
				ASSETCATALOG_COMPILER_GLOBAL_ACCENT_COLOR_NAME = AccentColor;
				CODE_SIGN_ENTITLEMENTS = AppleLoginPractice/AppleLoginPractice.entitlements;
				CODE_SIGN_STYLE = Automatic;
				CURRENT_PROJECT_VERSION = 1;
				DEVELOPMENT_ASSET_PATHS = "\"AppleLoginPractice/Preview Content\"";
				ENABLE_PREVIEWS = YES;
				GENERATE_INFOPLIST_FILE = YES;
				INFOPLIST_KEY_UIApplicationSceneManifest_Generation = YES;
				INFOPLIST_KEY_UIApplicationSupportsIndirectInputEvents = YES;
				INFOPLIST_KEY_UILaunchScreen_Generation = YES;
				INFOPLIST_KEY_UISupportedInterfaceOrientations_iPad = "UIInterfaceOrientationPortrait UIInterfaceOrientationPortraitUpsideDown UIInterfaceOrientationLandscapeLeft UIInterfaceOrientationLandscapeRight";
				INFOPLIST_KEY_UISupportedInterfaceOrientations_iPhone = "UIInterfaceOrientationPortrait UIInterfaceOrientationLandscapeLeft UIInterfaceOrientationLandscapeRight";
				LD_RUNPATH_SEARCH_PATHS = (
					"$(inherited)",
					"@executable_path/Frameworks",
				);
				MARKETING_VERSION = 1.0;
				PRODUCT_BUNDLE_IDENTIFIER = yejin.AppleLoginPractice;
				PRODUCT_NAME = "$(TARGET_NAME)";
				SWIFT_EMIT_LOC_STRINGS = YES;
				SWIFT_VERSION = 5.0;
				TARGETED_DEVICE_FAMILY = "1,2";
			};
			name = Release;
		};
		3580AF8B2A667EC400DC28F7 /* Debug */ = {
			isa = XCBuildConfiguration;
			buildSettings = {
				ALWAYS_EMBED_SWIFT_STANDARD_LIBRARIES = YES;
				BUNDLE_LOADER = "$(TEST_HOST)";
				CODE_SIGN_STYLE = Automatic;
				CURRENT_PROJECT_VERSION = 1;
				GENERATE_INFOPLIST_FILE = YES;
				IPHONEOS_DEPLOYMENT_TARGET = 16.4;
				MARKETING_VERSION = 1.0;
				PRODUCT_BUNDLE_IDENTIFIER = yejin.AppleLoginPracticeTests;
				PRODUCT_NAME = "$(TARGET_NAME)";
				SWIFT_EMIT_LOC_STRINGS = NO;
				SWIFT_VERSION = 5.0;
				TARGETED_DEVICE_FAMILY = "1,2";
				TEST_HOST = "$(BUILT_PRODUCTS_DIR)/AppleLoginPractice.app/$(BUNDLE_EXECUTABLE_FOLDER_PATH)/AppleLoginPractice";
			};
			name = Debug;
		};
		3580AF8C2A667EC400DC28F7 /* Release */ = {
			isa = XCBuildConfiguration;
			buildSettings = {
				ALWAYS_EMBED_SWIFT_STANDARD_LIBRARIES = YES;
				BUNDLE_LOADER = "$(TEST_HOST)";
				CODE_SIGN_STYLE = Automatic;
				CURRENT_PROJECT_VERSION = 1;
				GENERATE_INFOPLIST_FILE = YES;
				IPHONEOS_DEPLOYMENT_TARGET = 16.4;
				MARKETING_VERSION = 1.0;
				PRODUCT_BUNDLE_IDENTIFIER = yejin.AppleLoginPracticeTests;
				PRODUCT_NAME = "$(TARGET_NAME)";
				SWIFT_EMIT_LOC_STRINGS = NO;
				SWIFT_VERSION = 5.0;
				TARGETED_DEVICE_FAMILY = "1,2";
				TEST_HOST = "$(BUILT_PRODUCTS_DIR)/AppleLoginPractice.app/$(BUNDLE_EXECUTABLE_FOLDER_PATH)/AppleLoginPractice";
			};
			name = Release;
		};
		3580AF8E2A667EC400DC28F7 /* Debug */ = {
			isa = XCBuildConfiguration;
			buildSettings = {
				ALWAYS_EMBED_SWIFT_STANDARD_LIBRARIES = YES;
				CODE_SIGN_STYLE = Automatic;
				CURRENT_PROJECT_VERSION = 1;
				GENERATE_INFOPLIST_FILE = YES;
				MARKETING_VERSION = 1.0;
				PRODUCT_BUNDLE_IDENTIFIER = yejin.AppleLoginPracticeUITests;
				PRODUCT_NAME = "$(TARGET_NAME)";
				SWIFT_EMIT_LOC_STRINGS = NO;
				SWIFT_VERSION = 5.0;
				TARGETED_DEVICE_FAMILY = "1,2";
				TEST_TARGET_NAME = AppleLoginPractice;
			};
			name = Debug;
		};
		3580AF8F2A667EC400DC28F7 /* Release */ = {
			isa = XCBuildConfiguration;
			buildSettings = {
				ALWAYS_EMBED_SWIFT_STANDARD_LIBRARIES = YES;
				CODE_SIGN_STYLE = Automatic;
				CURRENT_PROJECT_VERSION = 1;
				GENERATE_INFOPLIST_FILE = YES;
				MARKETING_VERSION = 1.0;
				PRODUCT_BUNDLE_IDENTIFIER = yejin.AppleLoginPracticeUITests;
				PRODUCT_NAME = "$(TARGET_NAME)";
				SWIFT_EMIT_LOC_STRINGS = NO;
				SWIFT_VERSION = 5.0;
				TARGETED_DEVICE_FAMILY = "1,2";
				TEST_TARGET_NAME = AppleLoginPractice;
			};
			name = Release;
		};
/* End XCBuildConfiguration section */

/* Begin XCConfigurationList section */
		3580AF5E2A667EC200DC28F7 /* Build configuration list for PBXProject "AppleLoginPractice" */ = {
			isa = XCConfigurationList;
			buildConfigurations = (
				3580AF852A667EC400DC28F7 /* Debug */,
				3580AF862A667EC400DC28F7 /* Release */,
			);
			defaultConfigurationIsVisible = 0;
			defaultConfigurationName = Release;
		};
		3580AF872A667EC400DC28F7 /* Build configuration list for PBXNativeTarget "AppleLoginPractice" */ = {
			isa = XCConfigurationList;
			buildConfigurations = (
				3580AF882A667EC400DC28F7 /* Debug */,
				3580AF892A667EC400DC28F7 /* Release */,
			);
			defaultConfigurationIsVisible = 0;
			defaultConfigurationName = Release;
		};
		3580AF8A2A667EC400DC28F7 /* Build configuration list for PBXNativeTarget "AppleLoginPracticeTests" */ = {
			isa = XCConfigurationList;
			buildConfigurations = (
				3580AF8B2A667EC400DC28F7 /* Debug */,
				3580AF8C2A667EC400DC28F7 /* Release */,
			);
			defaultConfigurationIsVisible = 0;
			defaultConfigurationName = Release;
		};
		3580AF8D2A667EC400DC28F7 /* Build configuration list for PBXNativeTarget "AppleLoginPracticeUITests" */ = {
			isa = XCConfigurationList;
			buildConfigurations = (
				3580AF8E2A667EC400DC28F7 /* Debug */,
				3580AF8F2A667EC400DC28F7 /* Release */,
			);
			defaultConfigurationIsVisible = 0;
			defaultConfigurationName = Release;
		};
/* End XCConfigurationList section */
	};
	rootObject = 3580AF5B2A667EC200DC28F7 /* Project object */;
}
